
Microsoft Visual Studio Solution File, Format Version 12.00
Project("{2150E333-8FDC-42A3-9474-1A3956D46DE8}") = "src", "src", "{AEE4E483-52D2-46F4-808A-8F277FB893DD}"
EndProject
Project("{FAE04EC0-301F-11D3-BF4B-00C04F79EFBC}") = "AutoNate.Web", "src\AutoNate.Web\AutoNate.Web.csproj", "{60B43578-6250-4165-95B3-187CE3ED467A}"
EndProject
Project("{2150E333-8FDC-42A3-9474-1A3956D46DE8}") = "tests", "tests", "{0AB3BF05-4346-4AA6-1389-037BE0695223}"
EndProject
Project("{FAE04EC0-301F-11D3-BF4B-00C04F79EFBC}") = "AutoNate.Web.Tests", "tests\AutoNate.Web.Tests\AutoNate.Web.Tests.csproj", "{2F2B86FC-7FFA-4B21-A57A-A012BF63C233}"
EndProject
Project("{FAE04EC0-301F-11D3-BF4B-00C04F79EFBC}") = "AutoNate.E2E.Tests", "tests\AutoNate.E2E.Tests\AutoNate.E2E.Tests.csproj", "{750D75A4-AC7D-4FFF-93A7-050A6C5D6FC0}"
EndProject
Project("{FAE04EC0-301F-11D3-BF4B-00C04F79EFBC}") = "AutoNate.Plugin.Abstractions", "src\AutoNate.Plugin.Abstractions\AutoNate.Plugin.Abstractions.csproj", "{487B65EE-607E-4C92-AC59-A5B924F0354F}"
EndProject
Project("{FAE04EC0-301F-11D3-BF4B-00C04F79EFBC}") = "AutoNate.Web.Tests.SamplePlugin", "tests\AutoNate.Web.Tests.SamplePlugin\AutoNate.Web.Tests.SamplePlugin.csproj", "{984A63AF-6517-4BB9-8F31-8BAE286594FE}"
EndProject
Project("{2150E333-8FDC-42A3-9474-1A3956D46DE8}") = "plugins", "plugins", "{07D57EEB-2F50-60C4-C011-FE4FA775C9A8}"
EndProject
Project("{FAE04EC0-301F-11D3-BF4B-00C04F79EFBC}") = "HelloPlugin", "plugins\HelloPlugin\HelloPlugin.csproj", "{3BDA8F5B-D15E-4301-ADAE-8CE30F4894F4}"
EndProject
Project("{FAE04EC0-301F-11D3-BF4B-00C04F79EFBC}") = "Auditor", "plugins\Auditor\Auditor.csproj", "{8C800157-D6F0-445C-9736-F4038DA7AF43}"
EndProject
Global
	GlobalSection(SolutionConfigurationPlatforms) = preSolution
		Debug|Any CPU = Debug|Any CPU
		Debug|x64 = Debug|x64
		Debug|x86 = Debug|x86
		Release|Any CPU = Release|Any CPU
		Release|x64 = Release|x64
		Release|x86 = Release|x86
	EndGlobalSection
	GlobalSection(ProjectConfigurationPlatforms) = postSolution
		{60B43578-6250-4165-95B3-187CE3ED467A}.Debug|Any CPU.ActiveCfg = Debug|Any CPU
		{60B43578-6250-4165-95B3-187CE3ED467A}.Debug|Any CPU.Build.0 = Debug|Any CPU
		{60B43578-6250-4165-95B3-187CE3ED467A}.Debug|x64.ActiveCfg = Debug|Any CPU
		{60B43578-6250-4165-95B3-187CE3ED467A}.Debug|x64.Build.0 = Debug|Any CPU
		{60B43578-6250-4165-95B3-187CE3ED467A}.Debug|x86.ActiveCfg = Debug|Any CPU
		{60B43578-6250-4165-95B3-187CE3ED467A}.Debug|x86.Build.0 = Debug|Any CPU
		{60B43578-6250-4165-95B3-187CE3ED467A}.Release|Any CPU.ActiveCfg = Release|Any CPU
		{60B43578-6250-4165-95B3-187CE3ED467A}.Release|Any CPU.Build.0 = Release|Any CPU
		{60B43578-6250-4165-95B3-187CE3ED467A}.Release|x64.ActiveCfg = Release|Any CPU
		{60B43578-6250-4165-95B3-187CE3ED467A}.Release|x64.Build.0 = Release|Any CPU
		{60B43578-6250-4165-95B3-187CE3ED467A}.Release|x86.ActiveCfg = Release|Any CPU
		{60B43578-6250-4165-95B3-187CE3ED467A}.Release|x86.Build.0 = Release|Any CPU
		{2F2B86FC-7FFA-4B21-A57A-A012BF63C233}.Debug|Any CPU.ActiveCfg = Debug|Any CPU
		{2F2B86FC-7FFA-4B21-A57A-A012BF63C233}.Debug|Any CPU.Build.0 = Debug|Any CPU
		{2F2B86FC-7FFA-4B21-A57A-A012BF63C233}.Debug|x64.ActiveCfg = Debug|Any CPU
		{2F2B86FC-7FFA-4B21-A57A-A012BF63C233}.Debug|x64.Build.0 = Debug|Any CPU
		{2F2B86FC-7FFA-4B21-A57A-A012BF63C233}.Debug|x86.ActiveCfg = Debug|Any CPU
		{2F2B86FC-7FFA-4B21-A57A-A012BF63C233}.Debug|x86.Build.0 = Debug|Any CPU
		{2F2B86FC-7FFA-4B21-A57A-A012BF63C233}.Release|Any CPU.ActiveCfg = Release|Any CPU
		{2F2B86FC-7FFA-4B21-A57A-A012BF63C233}.Release|Any CPU.Build.0 = Release|Any CPU
		{2F2B86FC-7FFA-4B21-A57A-A012BF63C233}.Release|x64.ActiveCfg = Release|Any CPU
		{2F2B86FC-7FFA-4B21-A57A-A012BF63C233}.Release|x64.Build.0 = Release|Any CPU
		{2F2B86FC-7FFA-4B21-A57A-A012BF63C233}.Release|x86.ActiveCfg = Release|Any CPU
		{2F2B86FC-7FFA-4B21-A57A-A012BF63C233}.Release|x86.Build.0 = Release|Any CPU
		{750D75A4-AC7D-4FFF-93A7-050A6C5D6FC0}.Debug|Any CPU.ActiveCfg = Debug|Any CPU
		{750D75A4-AC7D-4FFF-93A7-050A6C5D6FC0}.Debug|Any CPU.Build.0 = Debug|Any CPU
		{750D75A4-AC7D-4FFF-93A7-050A6C5D6FC0}.Debug|x64.ActiveCfg = Debug|Any CPU
		{750D75A4-AC7D-4FFF-93A7-050A6C5D6FC0}.Debug|x64.Build.0 = Debug|Any CPU
		{750D75A4-AC7D-4FFF-93A7-050A6C5D6FC0}.Debug|x86.ActiveCfg = Debug|Any CPU
		{750D75A4-AC7D-4FFF-93A7-050A6C5D6FC0}.Debug|x86.Build.0 = Debug|Any CPU
		{750D75A4-AC7D-4FFF-93A7-050A6C5D6FC0}.Release|Any CPU.ActiveCfg = Release|Any CPU
		{750D75A4-AC7D-4FFF-93A7-050A6C5D6FC0}.Release|Any CPU.Build.0 = Release|Any CPU
		{750D75A4-AC7D-4FFF-93A7-050A6C5D6FC0}.Release|x64.ActiveCfg = Release|Any CPU
		{750D75A4-AC7D-4FFF-93A7-050A6C5D6FC0}.Release|x64.Build.0 = Release|Any CPU
		{750D75A4-AC7D-4FFF-93A7-050A6C5D6FC0}.Release|x86.ActiveCfg = Release|Any CPU
		{750D75A4-AC7D-4FFF-93A7-050A6C5D6FC0}.Release|x86.Build.0 = Release|Any CPU
		{487B65EE-607E-4C92-AC59-A5B924F0354F}.Debug|Any CPU.ActiveCfg = Debug|Any CPU
		{487B65EE-607E-4C92-AC59-A5B924F0354F}.Debug|Any CPU.Build.0 = Debug|Any CPU
		{487B65EE-607E-4C92-AC59-A5B924F0354F}.Debug|x64.ActiveCfg = Debug|Any CPU
		{487B65EE-607E-4C92-AC59-A5B924F0354F}.Debug|x64.Build.0 = Debug|Any CPU
		{487B65EE-607E-4C92-AC59-A5B924F0354F}.Debug|x86.ActiveCfg = Debug|Any CPU
		{487B65EE-607E-4C92-AC59-A5B924F0354F}.Debug|x86.Build.0 = Debug|Any CPU
		{487B65EE-607E-4C92-AC59-A5B924F0354F}.Release|Any CPU.ActiveCfg = Release|Any CPU
		{487B65EE-607E-4C92-AC59-A5B924F0354F}.Release|Any CPU.Build.0 = Release|Any CPU
		{487B65EE-607E-4C92-AC59-A5B924F0354F}.Release|x64.ActiveCfg = Release|Any CPU
		{487B65EE-607E-4C92-AC59-A5B924F0354F}.Release|x64.Build.0 = Release|Any CPU
		{487B65EE-607E-4C92-AC59-A5B924F0354F}.Release|x86.ActiveCfg = Release|Any CPU
		{487B65EE-607E-4C92-AC59-A5B924F0354F}.Release|x86.Build.0 = Release|Any CPU
		{984A63AF-6517-4BB9-8F31-8BAE286594FE}.Debug|Any CPU.ActiveCfg = Debug|Any CPU
		{984A63AF-6517-4BB9-8F31-8BAE286594FE}.Debug|Any CPU.Build.0 = Debug|Any CPU
		{984A63AF-6517-4BB9-8F31-8BAE286594FE}.Debug|x64.ActiveCfg = Debug|Any CPU
		{984A63AF-6517-4BB9-8F31-8BAE286594FE}.Debug|x64.Build.0 = Debug|Any CPU
		{984A63AF-6517-4BB9-8F31-8BAE286594FE}.Debug|x86.ActiveCfg = Debug|Any CPU
		{984A63AF-6517-4BB9-8F31-8BAE286594FE}.Debug|x86.Build.0 = Debug|Any CPU
		{984A63AF-6517-4BB9-8F31-8BAE286594FE}.Release|Any CPU.ActiveCfg = Release|Any CPU
		{984A63AF-6517-4BB9-8F31-8BAE286594FE}.Release|Any CPU.Build.0 = Release|Any CPU
		{984A63AF-6517-4BB9-8F31-8BAE286594FE}.Release|x64.ActiveCfg = Release|Any CPU
		{984A63AF-6517-4BB9-8F31-8BAE286594FE}.Release|x64.Build.0 = Release|Any CPU
		{984A63AF-6517-4BB9-8F31-8BAE286594FE}.Release|x86.ActiveCfg = Release|Any CPU
		{984A63AF-6517-4BB9-8F31-8BAE286594FE}.Release|x86.Build.0 = Release|Any CPU
		{3BDA8F5B-D15E-4301-ADAE-8CE30F4894F4}.Debug|Any CPU.ActiveCfg = Debug|Any CPU
		{3BDA8F5B-D15E-4301-ADAE-8CE30F4894F4}.Debug|Any CPU.Build.0 = Debug|Any CPU
		{3BDA8F5B-D15E-4301-ADAE-8CE30F4894F4}.Debug|x64.ActiveCfg = Debug|Any CPU
		{3BDA8F5B-D15E-4301-ADAE-8CE30F4894F4}.Debug|x64.Build.0 = Debug|Any CPU
		{3BDA8F5B-D15E-4301-ADAE-8CE30F4894F4}.Debug|x86.ActiveCfg = Debug|Any CPU
		{3BDA8F5B-D15E-4301-ADAE-8CE30F4894F4}.Debug|x86.Build.0 = Debug|Any CPU
		{3BDA8F5B-D15E-4301-ADAE-8CE30F4894F4}.Release|Any CPU.ActiveCfg = Release|Any CPU
		{3BDA8F5B-D15E-4301-ADAE-8CE30F4894F4}.Release|Any CPU.Build.0 = Release|Any CPU
		{3BDA8F5B-D15E-4301-ADAE-8CE30F4894F4}.Release|x64.ActiveCfg = Release|Any CPU
		{3BDA8F5B-D15E-4301-ADAE-8CE30F4894F4}.Release|x64.Build.0 = Release|Any CPU
		{3BDA8F5B-D15E-4301-ADAE-8CE30F4894F4}.Release|x86.ActiveCfg = Release|Any CPU
		{3BDA8F5B-D15E-4301-ADAE-8CE30F4894F4}.Release|x86.Build.0 = Release|Any CPU
		{8C800157-D6F0-445C-9736-F4038DA7AF43}.Debug|Any CPU.ActiveCfg = Debug|Any CPU
		{8C800157-D6F0-445C-9736-F4038DA7AF43}.Debug|Any CPU.Build.0 = Debug|Any CPU
		{8C800157-D6F0-445C-9736-F4038DA7AF43}.Debug|x64.ActiveCfg = Debug|Any CPU
		{8C800157-D6F0-445C-9736-F4038DA7AF43}.Debug|x64.Build.0 = Debug|Any CPU
		{8C800157-D6F0-445C-9736-F4038DA7AF43}.Debug|x86.ActiveCfg = Debug|Any CPU
		{8C800157-D6F0-445C-9736-F4038DA7AF43}.Debug|x86.Build.0 = Debug|Any CPU
		{8C800157-D6F0-445C-9736-F4038DA7AF43}.Release|Any CPU.ActiveCfg = Release|Any CPU
		{8C800157-D6F0-445C-9736-F4038DA7AF43}.Release|Any CPU.Build.0 = Release|Any CPU
		{8C800157-D6F0-445C-9736-F4038DA7AF43}.Release|x64.ActiveCfg = Release|Any CPU
		{8C800157-D6F0-445C-9736-F4038DA7AF43}.Release|x64.Build.0 = Release|Any CPU
		{8C800157-D6F0-445C-9736-F4038DA7AF43}.Release|x86.ActiveCfg = Release|Any CPU
		{8C800157-D6F0-445C-9736-F4038DA7AF43}.Release|x86.Build.0 = Release|Any CPU
	EndGlobalSection
	GlobalSection(SolutionProperties) = preSolution
		HideSolutionNode = FALSE
	EndGlobalSection
	GlobalSection(NestedProjects) = preSolution
		{60B43578-6250-4165-95B3-187CE3ED467A} = {AEE4E483-52D2-46F4-808A-8F277FB893DD}
		{2F2B86FC-7FFA-4B21-A57A-A012BF63C233} = {0AB3BF05-4346-4AA6-1389-037BE0695223}
		{750D75A4-AC7D-4FFF-93A7-050A6C5D6FC0} = {0AB3BF05-4346-4AA6-1389-037BE0695223}
		{487B65EE-607E-4C92-AC59-A5B924F0354F} = {AEE4E483-52D2-46F4-808A-8F277FB893DD}
		{984A63AF-6517-4BB9-8F31-8BAE286594FE} = {0AB3BF05-4346-4AA6-1389-037BE0695223}
		{3BDA8F5B-D15E-4301-ADAE-8CE30F4894F4} = {07D57EEB-2F50-60C4-C011-FE4FA775C9A8}
		{8C800157-D6F0-445C-9736-F4038DA7AF43} = {07D57EEB-2F50-60C4-C011-FE4FA775C9A8}
	EndGlobalSection
EndGlobal
