{
  "version": 1,
  "dependencies": {
    "net10.0": {
      "Dapper": {
        "type": "Transitive",
        "resolved": "2.1.89",
        "contentHash": "1VjFE664wnxvuhlgP8kS4PeFFF4jqD3VkbIHW6Zlc52zuibgcz5ICnIHcQXlTp6pURpPNGLV0ZpNe5x9KePJnA=="
      },
      "Microsoft.Extensions.DependencyInjection.Abstractions": {
        "type": "Transitive",
        "resolved": "9.0.20",
        "contentHash": "EsRc4piTdI3Ti5+cZwdpxn+mHwDCqT+b9ecmgYTTttpHFkYDyc4CenRNC9LrU0A+lTYsbQE8EvWC6sNp1Op0YA=="
      },
      "Microsoft.Extensions.Logging.Abstractions": {
        "type": "Transitive",
        "resolved": "9.0.20",
        "contentHash": "ZTbbB2mz0MxOMVQF7/yKhRD9ok6QR5Kq+Ifsk7XfdGC3zJTfMeJZeKR8/DfnlyvrlQnaWEmMkrnM8d1sBs3afA==",
        "dependencies": {
          "Microsoft.Extensions.DependencyInjection.Abstractions": "9.0.20"
        }
      },
      "Npgsql": {
        "type": "Transitive",
        "resolved": "9.0.5",
        "contentHash": "NRZkUlTUh06f7f14wriEoO+BrJcyw/agh3xozXLM3ii7C/08SyXqcI89EMfZJuHkOcfDU8W0enGcZ8RGNVOw0w==",
        "dependencies": {
          "Microsoft.Extensions.Logging.Abstractions": "8.0.2"
        }
      },
      "autonate.plugin.abstractions": {
        "type": "Project",
        "dependencies": {
          "Dapper": "[2.1.89, )",
          "Microsoft.Extensions.DependencyInjection.Abstractions": "[9.0.20, )",
          "Microsoft.Extensions.Logging.Abstractions": "[9.0.20, )",
          "Npgsql": "[9.0.5, )"
        }
      }
    }
  }
}